
Microsoft Visual Studio Solution File, Format Version 12.00
# Visual Studio 15
VisualStudioVersion = 15.0.28307.1622
MinimumVisualStudioVersion = 10.0.40219.1
Project("{888888A0-9F3D-457C-B088-3A5042F75D52}") = "FlaskWeb", "FlaskWeb\FlaskWeb.pyproj", "{7B92CA14-6B92-450C-8274-F401BE5FCB21}"
EndProject
Global
	GlobalSection(SolutionConfigurationPlatforms) = preSolution
		Debug|Any CPU = Debug|Any CPU
		Release|Any CPU = Release|Any CPU
	EndGlobalSection
	GlobalSection(ProjectConfigurationPlatforms) = postSolution
		{7B92CA14-6B92-450C-8274-F401BE5FCB21}.Debug|Any CPU.ActiveCfg = Debug|Any CPU
		{7B92CA14-6B92-450C-8274-F401BE5FCB21}.Debug|Any CPU.Build.0 = Debug|Any CPU
		{7B92CA14-6B92-450C-8274-F401BE5FCB21}.Release|Any CPU.ActiveCfg = Release|Any CPU
		{7B92CA14-6B92-450C-8274-F401BE5FCB21}.Release|Any CPU.Build.0 = Release|Any CPU
	EndGlobalSection
	GlobalSection(SolutionProperties) = preSolution
		HideSolutionNode = FALSE
	EndGlobalSection
	GlobalSection(ExtensibilityGlobals) = postSolution
		SolutionGuid = {980C6D90-951F-4B34-95A1-D4E0B2EE8889}
	EndGlobalSection
EndGlobal
